
Microsoft Visual Studio Solution File, Format Version 12.00
# Visual Studio Version 17
VisualStudioVersion = 17.1.32421.90
MinimumVisualStudioVersion = 10.0.40219.1
Project("{2150E333-8FDC-42A3-9474-1A3956D46DE8}") = "Solution Items", "Solution Items", "{8D5F60A8-566A-4068-8B83-1BA48F66E60B}"
	ProjectSection(SolutionItems) = preProject
		.gitignore = .gitignore
		Improvements.md = Improvements.md
		README.md = README.md
		UNSUPPORTED.md = UNSUPPORTED.md
		version.json = version.json
		Yantra.md = Yantra.md
	EndProjectSection
EndProject
Project("{9A19103F-16F7-4668-BE54-9A1E7A4F7556}") = "YantraTests", "YantraTests\YantraTests.csproj", "{EF228D02-9625-4C50-B0ED-E0812394E1DA}"
EndProject
Project("{9A19103F-16F7-4668-BE54-9A1E7A4F7556}") = "YantraJS", "YantraJS\YantraJS.csproj", "{F664EF7D-4450-44DD-83B9-F8F571B7500A}"
EndProject
Project("{9A19103F-16F7-4668-BE54-9A1E7A4F7556}") = "YantraJS.Core", "YantraJS.Core\YantraJS.Core.csproj", "{49050448-43C0-4B1C-81F8-0513F856F037}"
EndProject
Project("{9A19103F-16F7-4668-BE54-9A1E7A4F7556}") = "YantraJS.Core.Tests", "YantraJS.Core.Tests\YantraJS.Core.Tests.csproj", "{6EAFC69D-8930-46E2-B83F-12551E878FBF}"
EndProject
Project("{9A19103F-16F7-4668-BE54-9A1E7A4F7556}") = "YantraJS.ExpressionCompiler", "YantraJS.ExpressionCompiler\YantraJS.ExpressionCompiler.csproj", "{1A17F57A-C7B1-4C49-85D4-36FF973C9222}"
EndProject
Project("{9A19103F-16F7-4668-BE54-9A1E7A4F7556}") = "YantraJS.NodePollyfill", "YantraJS.NodePollyfill\YantraJS.NodePollyfill.csproj", "{3783896F-14B3-46C4-9AFD-13F9E6B25CFA}"
EndProject
Project("{9A19103F-16F7-4668-BE54-9A1E7A4F7556}") = "YantraJS.ExpressionCompiler.Tests", "YantraJS.ExpressionCompiler.Tests\YantraJS.ExpressionCompiler.Tests.csproj", "{56196EFB-172B-4C4F-AC0A-3C6C5BCF72F3}"
EndProject
Project("{9A19103F-16F7-4668-BE54-9A1E7A4F7556}") = "YantraJS.ModuleExtensions", "YantraJS.ModuleExtensions\YantraJS.ModuleExtensions.csproj", "{5FF9CAEF-F7A6-449A-A24E-E03C9A705ABF}"
EndProject
Project("{9A19103F-16F7-4668-BE54-9A1E7A4F7556}") = "YantraJS.Network", "YantraJS.Network\YantraJS.Network.csproj", "{F06DFF43-84D9-452F-A398-D4E024C449CF}"
EndProject
Project("{9A19103F-16F7-4668-BE54-9A1E7A4F7556}") = "YantraJS.JSClassGenerator", "YantraJS.JSClassGenerator\YantraJS.JSClassGenerator.csproj", "{8158D755-B50D-4447-8697-03E7E0D63BA5}"
EndProject
Project("{9A19103F-16F7-4668-BE54-9A1E7A4F7556}") = "JIntPerfTests", "OtherTests\JIntPerfTests\JIntPerfTests.csproj", "{75C8A8AC-7A81-46AE-AF4C-706BDC7AB6D6}"
EndProject
Global
	GlobalSection(SolutionConfigurationPlatforms) = preSolution
		Debug|Any CPU = Debug|Any CPU
		Release|Any CPU = Release|Any CPU
	EndGlobalSection
	GlobalSection(ProjectConfigurationPlatforms) = postSolution
		{EF228D02-9625-4C50-B0ED-E0812394E1DA}.Debug|Any CPU.ActiveCfg = Debug|Any CPU
		{EF228D02-9625-4C50-B0ED-E0812394E1DA}.Debug|Any CPU.Build.0 = Debug|Any CPU
		{EF228D02-9625-4C50-B0ED-E0812394E1DA}.Release|Any CPU.ActiveCfg = Release|Any CPU
		{EF228D02-9625-4C50-B0ED-E0812394E1DA}.Release|Any CPU.Build.0 = Release|Any CPU
		{F664EF7D-4450-44DD-83B9-F8F571B7500A}.Debug|Any CPU.ActiveCfg = Debug|Any CPU
		{F664EF7D-4450-44DD-83B9-F8F571B7500A}.Debug|Any CPU.Build.0 = Debug|Any CPU
		{F664EF7D-4450-44DD-83B9-F8F571B7500A}.Release|Any CPU.ActiveCfg = Release|Any CPU
		{F664EF7D-4450-44DD-83B9-F8F571B7500A}.Release|Any CPU.Build.0 = Release|Any CPU
		{49050448-43C0-4B1C-81F8-0513F856F037}.Debug|Any CPU.ActiveCfg = Debug|Any CPU
		{49050448-43C0-4B1C-81F8-0513F856F037}.Debug|Any CPU.Build.0 = Debug|Any CPU
		{49050448-43C0-4B1C-81F8-0513F856F037}.Release|Any CPU.ActiveCfg = Release|Any CPU
		{49050448-43C0-4B1C-81F8-0513F856F037}.Release|Any CPU.Build.0 = Release|Any CPU
		{6EAFC69D-8930-46E2-B83F-12551E878FBF}.Debug|Any CPU.ActiveCfg = Debug|Any CPU
		{6EAFC69D-8930-46E2-B83F-12551E878FBF}.Debug|Any CPU.Build.0 = Debug|Any CPU
		{6EAFC69D-8930-46E2-B83F-12551E878FBF}.Release|Any CPU.ActiveCfg = Release|Any CPU
		{6EAFC69D-8930-46E2-B83F-12551E878FBF}.Release|Any CPU.Build.0 = Release|Any CPU
		{1A17F57A-C7B1-4C49-85D4-36FF973C9222}.Debug|Any CPU.ActiveCfg = Debug|Any CPU
		{1A17F57A-C7B1-4C49-85D4-36FF973C9222}.Debug|Any CPU.Build.0 = Debug|Any CPU
		{1A17F57A-C7B1-4C49-85D4-36FF973C9222}.Release|Any CPU.ActiveCfg = Release|Any CPU
		{1A17F57A-C7B1-4C49-85D4-36FF973C9222}.Release|Any CPU.Build.0 = Release|Any CPU
		{3783896F-14B3-46C4-9AFD-13F9E6B25CFA}.Debug|Any CPU.ActiveCfg = Debug|Any CPU
		{3783896F-14B3-46C4-9AFD-13F9E6B25CFA}.Debug|Any CPU.Build.0 = Debug|Any CPU
		{3783896F-14B3-46C4-9AFD-13F9E6B25CFA}.Release|Any CPU.ActiveCfg = Release|Any CPU
		{3783896F-14B3-46C4-9AFD-13F9E6B25CFA}.Release|Any CPU.Build.0 = Release|Any CPU
		{56196EFB-172B-4C4F-AC0A-3C6C5BCF72F3}.Debug|Any CPU.ActiveCfg = Debug|Any CPU
		{56196EFB-172B-4C4F-AC0A-3C6C5BCF72F3}.Debug|Any CPU.Build.0 = Debug|Any CPU
		{56196EFB-172B-4C4F-AC0A-3C6C5BCF72F3}.Release|Any CPU.ActiveCfg = Release|Any CPU
		{56196EFB-172B-4C4F-AC0A-3C6C5BCF72F3}.Release|Any CPU.Build.0 = Release|Any CPU
		{5FF9CAEF-F7A6-449A-A24E-E03C9A705ABF}.Debug|Any CPU.ActiveCfg = Debug|Any CPU
		{5FF9CAEF-F7A6-449A-A24E-E03C9A705ABF}.Debug|Any CPU.Build.0 = Debug|Any CPU
		{5FF9CAEF-F7A6-449A-A24E-E03C9A705ABF}.Release|Any CPU.ActiveCfg = Release|Any CPU
		{5FF9CAEF-F7A6-449A-A24E-E03C9A705ABF}.Release|Any CPU.Build.0 = Release|Any CPU
		{F06DFF43-84D9-452F-A398-D4E024C449CF}.Debug|Any CPU.ActiveCfg = Debug|Any CPU
		{F06DFF43-84D9-452F-A398-D4E024C449CF}.Debug|Any CPU.Build.0 = Debug|Any CPU
		{F06DFF43-84D9-452F-A398-D4E024C449CF}.Release|Any CPU.ActiveCfg = Release|Any CPU
		{F06DFF43-84D9-452F-A398-D4E024C449CF}.Release|Any CPU.Build.0 = Release|Any CPU
		{8158D755-B50D-4447-8697-03E7E0D63BA5}.Debug|Any CPU.ActiveCfg = Debug|Any CPU
		{8158D755-B50D-4447-8697-03E7E0D63BA5}.Debug|Any CPU.Build.0 = Debug|Any CPU
		{8158D755-B50D-4447-8697-03E7E0D63BA5}.Release|Any CPU.ActiveCfg = Release|Any CPU
		{8158D755-B50D-4447-8697-03E7E0D63BA5}.Release|Any CPU.Build.0 = Release|Any CPU
		{75C8A8AC-7A81-46AE-AF4C-706BDC7AB6D6}.Debug|Any CPU.ActiveCfg = Debug|Any CPU
		{75C8A8AC-7A81-46AE-AF4C-706BDC7AB6D6}.Debug|Any CPU.Build.0 = Debug|Any CPU
		{75C8A8AC-7A81-46AE-AF4C-706BDC7AB6D6}.Release|Any CPU.ActiveCfg = Release|Any CPU
		{75C8A8AC-7A81-46AE-AF4C-706BDC7AB6D6}.Release|Any CPU.Build.0 = Release|Any CPU
	EndGlobalSection
	GlobalSection(SolutionProperties) = preSolution
		HideSolutionNode = FALSE
	EndGlobalSection
	GlobalSection(NestedProjects) = preSolution
		{75C8A8AC-7A81-46AE-AF4C-706BDC7AB6D6} = {8D5F60A8-566A-4068-8B83-1BA48F66E60B}
	EndGlobalSection
	GlobalSection(ExtensibilityGlobals) = postSolution
		SolutionGuid = {51CB0E2B-8005-4839-8808-C1CA8C9C2BA7}
	EndGlobalSection
EndGlobal
