
Microsoft Visual Studio Solution File, Format Version 12.00
# Visual Studio Version 16
VisualStudioVersion = 16.0.30011.22
MinimumVisualStudioVersion = 10.0.40219.1
Project("{2150E333-8FDC-42A3-9474-1A3956D46DE8}") = "Solution Items", "Solution Items", "{8D5F60A8-566A-4068-8B83-1BA48F66E60B}"
	ProjectSection(SolutionItems) = preProject
		.gitignore = .gitignore
		Improvements.md = Improvements.md
		README.md = README.md
		UNSUPPORTED.md = UNSUPPORTED.md
		Yantra.md = Yantra.md
	EndProjectSection
EndProject
Project("{9A19103F-16F7-4668-BE54-9A1E7A4F7556}") = "YantraTests", "YantraTests\YantraTests.csproj", "{EF228D02-9625-4C50-B0ED-E0812394E1DA}"
EndProject
Project("{9A19103F-16F7-4668-BE54-9A1E7A4F7556}") = "YantraJS", "YantraJS\YantraJS.csproj", "{F664EF7D-4450-44DD-83B9-F8F571B7500A}"
EndProject
Project("{9A19103F-16F7-4668-BE54-9A1E7A4F7556}") = "YantraJS.Core", "YantraJS.Core\YantraJS.Core.csproj", "{49050448-43C0-4B1C-81F8-0513F856F037}"
EndProject
Project("{9A19103F-16F7-4668-BE54-9A1E7A4F7556}") = "YantraJS.Core.Tests", "YantraJS.Core.Tests\YantraJS.Core.Tests.csproj", "{6EAFC69D-8930-46E2-B83F-12551E878FBF}"
EndProject
Project("{9A19103F-16F7-4668-BE54-9A1E7A4F7556}") = "YantraJS.ExpressionCompiler", "YantraJS.LambdaCompiler\YantraJS.ExpressionCompiler.csproj", "{1A17F57A-C7B1-4C49-85D4-36FF973C9222}"
EndProject
Project("{9A19103F-16F7-4668-BE54-9A1E7A4F7556}") = "YantraJS.LambdaCompiler.Tests", "YantraJS.LambdaCompiler.Tests\YantraJS.LambdaCompiler.Tests.csproj", "{EBC5A092-B208-45EA-A0B7-D1916B3A68F3}"
EndProject
Project("{2150E333-8FDC-42A3-9474-1A3956D46DE8}") = "Test262Runner", "Test262Runner", "{0F0852BD-9906-4ABC-9BA8-7F49E63728A0}"
EndProject
Project("{FAE04EC0-301F-11D3-BF4B-00C04F79EFBC}") = "Test262Runner", "Test262Runner\Test262Runner.csproj", "{15F50837-F0DF-4A16-BDC5-E02921C61B58}"
EndProject
Global
	GlobalSection(SolutionConfigurationPlatforms) = preSolution
		Debug|Any CPU = Debug|Any CPU
		Release|Any CPU = Release|Any CPU
	EndGlobalSection
	GlobalSection(ProjectConfigurationPlatforms) = postSolution
		{EF228D02-9625-4C50-B0ED-E0812394E1DA}.Debug|Any CPU.ActiveCfg = Debug|Any CPU
		{EF228D02-9625-4C50-B0ED-E0812394E1DA}.Debug|Any CPU.Build.0 = Debug|Any CPU
		{EF228D02-9625-4C50-B0ED-E0812394E1DA}.Release|Any CPU.ActiveCfg = Release|Any CPU
		{EF228D02-9625-4C50-B0ED-E0812394E1DA}.Release|Any CPU.Build.0 = Release|Any CPU
		{F664EF7D-4450-44DD-83B9-F8F571B7500A}.Debug|Any CPU.ActiveCfg = Debug|Any CPU
		{F664EF7D-4450-44DD-83B9-F8F571B7500A}.Debug|Any CPU.Build.0 = Debug|Any CPU
		{F664EF7D-4450-44DD-83B9-F8F571B7500A}.Release|Any CPU.ActiveCfg = Release|Any CPU
		{F664EF7D-4450-44DD-83B9-F8F571B7500A}.Release|Any CPU.Build.0 = Release|Any CPU
		{49050448-43C0-4B1C-81F8-0513F856F037}.Debug|Any CPU.ActiveCfg = Debug|Any CPU
		{49050448-43C0-4B1C-81F8-0513F856F037}.Debug|Any CPU.Build.0 = Debug|Any CPU
		{49050448-43C0-4B1C-81F8-0513F856F037}.Release|Any CPU.ActiveCfg = Release|Any CPU
		{49050448-43C0-4B1C-81F8-0513F856F037}.Release|Any CPU.Build.0 = Release|Any CPU
		{6EAFC69D-8930-46E2-B83F-12551E878FBF}.Debug|Any CPU.ActiveCfg = Debug|Any CPU
		{6EAFC69D-8930-46E2-B83F-12551E878FBF}.Debug|Any CPU.Build.0 = Debug|Any CPU
		{6EAFC69D-8930-46E2-B83F-12551E878FBF}.Release|Any CPU.ActiveCfg = Release|Any CPU
		{6EAFC69D-8930-46E2-B83F-12551E878FBF}.Release|Any CPU.Build.0 = Release|Any CPU
		{1A17F57A-C7B1-4C49-85D4-36FF973C9222}.Debug|Any CPU.ActiveCfg = Debug|Any CPU
		{1A17F57A-C7B1-4C49-85D4-36FF973C9222}.Debug|Any CPU.Build.0 = Debug|Any CPU
		{1A17F57A-C7B1-4C49-85D4-36FF973C9222}.Release|Any CPU.ActiveCfg = Release|Any CPU
		{1A17F57A-C7B1-4C49-85D4-36FF973C9222}.Release|Any CPU.Build.0 = Release|Any CPU
		{EBC5A092-B208-45EA-A0B7-D1916B3A68F3}.Debug|Any CPU.ActiveCfg = Debug|Any CPU
		{EBC5A092-B208-45EA-A0B7-D1916B3A68F3}.Debug|Any CPU.Build.0 = Debug|Any CPU
		{EBC5A092-B208-45EA-A0B7-D1916B3A68F3}.Release|Any CPU.ActiveCfg = Release|Any CPU
		{EBC5A092-B208-45EA-A0B7-D1916B3A68F3}.Release|Any CPU.Build.0 = Release|Any CPU
		{15F50837-F0DF-4A16-BDC5-E02921C61B58}.Debug|Any CPU.ActiveCfg = Debug|Any CPU
		{15F50837-F0DF-4A16-BDC5-E02921C61B58}.Debug|Any CPU.Build.0 = Debug|Any CPU
		{15F50837-F0DF-4A16-BDC5-E02921C61B58}.Release|Any CPU.ActiveCfg = Release|Any CPU
		{15F50837-F0DF-4A16-BDC5-E02921C61B58}.Release|Any CPU.Build.0 = Release|Any CPU
	EndGlobalSection
	GlobalSection(SolutionProperties) = preSolution
		HideSolutionNode = FALSE
	EndGlobalSection
	GlobalSection(NestedProjects) = preSolution
		{15F50837-F0DF-4A16-BDC5-E02921C61B58} = {0F0852BD-9906-4ABC-9BA8-7F49E63728A0}
	EndGlobalSection
	GlobalSection(ExtensibilityGlobals) = postSolution
		SolutionGuid = {51CB0E2B-8005-4839-8808-C1CA8C9C2BA7}
	EndGlobalSection
EndGlobal
